// !$*UTF8*$!
{
	archiveVersion = 1;
	classes = {
	};
	objectVersion = 50;
	objects = {

/* Begin PBXBuildFile section */
		CFD62006238B9374006DFDDB /* PropertyView.swift in Sources */ = {isa = PBXBuildFile; fileRef = CFD62005238B9374006DFDDB /* PropertyView.swift */; };
		CFD96F912380FB9300B33BAF /* AppDelegate.swift in Sources */ = {isa = PBXBuildFile; fileRef = CFD96F902380FB9300B33BAF /* AppDelegate.swift */; };
		CFD96F932380FB9300B33BAF /* SceneDelegate.swift in Sources */ = {isa = PBXBuildFile; fileRef = CFD96F922380FB9300B33BAF /* SceneDelegate.swift */; };
		CFD96F952380FB9300B33BAF /* ContentView.swift in Sources */ = {isa = PBXBuildFile; fileRef = CFD96F942380FB9300B33BAF /* ContentView.swift */; };
		CFD96F972380FB9600B33BAF /* Assets.xcassets in Resources */ = {isa = PBXBuildFile; fileRef = CFD96F962380FB9600B33BAF /* Assets.xcassets */; };
		CFD96F9A2380FB9600B33BAF /* Preview Assets.xcassets in Resources */ = {isa = PBXBuildFile; fileRef = CFD96F992380FB9600B33BAF /* Preview Assets.xcassets */; };
		CFD96F9D2380FB9600B33BAF /* LaunchScreen.storyboard in Resources */ = {isa = PBXBuildFile; fileRef = CFD96F9B2380FB9600B33BAF /* LaunchScreen.storyboard */; };
		CFD96FA72380FCE200B33BAF /* Taco.swift in Sources */ = {isa = PBXBuildFile; fileRef = CFD96FA62380FCE200B33BAF /* Taco.swift */; };
		CFD96FA9238101BD00B33BAF /* TacoView.swift in Sources */ = {isa = PBXBuildFile; fileRef = CFD96FA8238101BD00B33BAF /* TacoView.swift */; };
/* End PBXBuildFile section */

/* Begin PBXFileReference section */
		CFD62005238B9374006DFDDB /* PropertyView.swift */ = {isa = PBXFileReference; lastKnownFileType = sourcecode.swift; path = PropertyView.swift; sourceTree = "<group>"; };
		CFD96F8D2380FB9300B33BAF /* State1.app */ = {isa = PBXFileReference; explicitFileType = wrapper.application; includeInIndex = 0; path = State1.app; sourceTree = BUILT_PRODUCTS_DIR; };
		CFD96F902380FB9300B33BAF /* AppDelegate.swift */ = {isa = PBXFileReference; lastKnownFileType = sourcecode.swift; path = AppDelegate.swift; sourceTree = "<group>"; };
		CFD96F922380FB9300B33BAF /* SceneDelegate.swift */ = {isa = PBXFileReference; lastKnownFileType = sourcecode.swift; path = SceneDelegate.swift; sourceTree = "<group>"; };
		CFD96F942380FB9300B33BAF /* ContentView.swift */ = {isa = PBXFileReference; lastKnownFileType = sourcecode.swift; path = ContentView.swift; sourceTree = "<group>"; };
		CFD96F962380FB9600B33BAF /* Assets.xcassets */ = {isa = PBXFileReference; lastKnownFileType = folder.assetcatalog; path = Assets.xcassets; sourceTree = "<group>"; };
		CFD96F992380FB9600B33BAF /* Preview Assets.xcassets */ = {isa = PBXFileReference; lastKnownFileType = folder.assetcatalog; path = "Preview Assets.xcassets"; sourceTree = "<group>"; };
		CFD96F9C2380FB9600B33BAF /* Base */ = {isa = PBXFileReference; lastKnownFileType = file.storyboard; name = Base; path = Base.lproj/LaunchScreen.storyboard; sourceTree = "<group>"; };
		CFD96F9E2380FB9600B33BAF /* Info.plist */ = {isa = PBXFileReference; lastKnownFileType = text.plist.xml; path = Info.plist; sourceTree = "<group>"; };
		CFD96FA62380FCE200B33BAF /* Taco.swift */ = {isa = PBXFileReference; lastKnownFileType = sourcecode.swift; path = Taco.swift; sourceTree = "<group>"; };
		CFD96FA8238101BD00B33BAF /* TacoView.swift */ = {isa = PBXFileReference; lastKnownFileType = sourcecode.swift; path = TacoView.swift; sourceTree = "<group>"; };
/* End PBXFileReference section */

/* Begin PBXFrameworksBuildPhase section */
		CFD96F8A2380FB9300B33BAF /* Frameworks */ = {
			isa = PBXFrameworksBuildPhase;
			buildActionMask = 2147483647;
			files = (
			);
			runOnlyForDeploymentPostprocessing = 0;
		};
/* End PBXFrameworksBuildPhase section */

/* Begin PBXGroup section */
		CFD96F842380FB9300B33BAF = {
			isa = PBXGroup;
			children = (
				CFD96F8F2380FB9300B33BAF /* State */,
				CFD96F8E2380FB9300B33BAF /* Products */,
			);
			sourceTree = "<group>";
		};
		CFD96F8E2380FB9300B33BAF /* Products */ = {
			isa = PBXGroup;
			children = (
				CFD96F8D2380FB9300B33BAF /* State1.app */,
			);
			name = Products;
			sourceTree = "<group>";
		};
		CFD96F8F2380FB9300B33BAF /* State */ = {
			isa = PBXGroup;
			children = (
				CFD96F902380FB9300B33BAF /* AppDelegate.swift */,
				CFD96F922380FB9300B33BAF /* SceneDelegate.swift */,
				CFD62005238B9374006DFDDB /* PropertyView.swift */,
				CFD96F942380FB9300B33BAF /* ContentView.swift */,
				CFD96FA62380FCE200B33BAF /* Taco.swift */,
				CFD96FA8238101BD00B33BAF /* TacoView.swift */,
				CFD96F962380FB9600B33BAF /* Assets.xcassets */,
				CFD96F9B2380FB9600B33BAF /* LaunchScreen.storyboard */,
				CFD96F9E2380FB9600B33BAF /* Info.plist */,
				CFD96F982380FB9600B33BAF /* Preview Content */,
			);
			path = State;
			sourceTree = "<group>";
		};
		CFD96F982380FB9600B33BAF /* Preview Content */ = {
			isa = PBXGroup;
			children = (
				CFD96F992380FB9600B33BAF /* Preview Assets.xcassets */,
			);
			path = "Preview Content";
			sourceTree = "<group>";
		};
/* End PBXGroup section */

/* Begin PBXNativeTarget section */
		CFD96F8C2380FB9300B33BAF /* State */ = {
			isa = PBXNativeTarget;
			buildConfigurationList = CFD96FA12380FB9600B33BAF /* Build configuration list for PBXNativeTarget "State" */;
			buildPhases = (
				CFD96F892380FB9300B33BAF /* Sources */,
				CFD96F8A2380FB9300B33BAF /* Frameworks */,
				CFD96F8B2380FB9300B33BAF /* Resources */,
			);
			buildRules = (
			);
			dependencies = (
			);
			name = State;
			productName = State;
			productReference = CFD96F8D2380FB9300B33BAF /* State1.app */;
			productType = "com.apple.product-type.application";
		};
/* End PBXNativeTarget section */

/* Begin PBXProject section */
		CFD96F852380FB9300B33BAF /* Project object */ = {
			isa = PBXProject;
			attributes = {
				LastSwiftUpdateCheck = 1120;
				LastUpgradeCheck = 1120;
				ORGANIZATIONNAME = Schelly;
				TargetAttributes = {
					CFD96F8C2380FB9300B33BAF = {
						CreatedOnToolsVersion = 11.2.1;
					};
				};
			};
			buildConfigurationList = CFD96F882380FB9300B33BAF /* Build configuration list for PBXProject "State" */;
			compatibilityVersion = "Xcode 9.3";
			developmentRegion = en;
			hasScannedForEncodings = 0;
			knownRegions = (
				en,
				Base,
			);
			mainGroup = CFD96F842380FB9300B33BAF;
			productRefGroup = CFD96F8E2380FB9300B33BAF /* Products */;
			projectDirPath = "";
			projectRoot = "";
			targets = (
				CFD96F8C2380FB9300B33BAF /* State */,
			);
		};
/* End PBXProject section */

/* Begin PBXResourcesBuildPhase section */
		CFD96F8B2380FB9300B33BAF /* Resources */ = {
			isa = PBXResourcesBuildPhase;
			buildActionMask = 2147483647;
			files = (
				CFD96F9D2380FB9600B33BAF /* LaunchScreen.storyboard in Resources */,
				CFD96F9A2380FB9600B33BAF /* Preview Assets.xcassets in Resources */,
				CFD96F972380FB9600B33BAF /* Assets.xcassets in Resources */,
			);
			runOnlyForDeploymentPostprocessing = 0;
		};
/* End PBXResourcesBuildPhase section */

/* Begin PBXSourcesBuildPhase section */
		CFD96F892380FB9300B33BAF /* Sources */ = {
			isa = PBXSourcesBuildPhase;
			buildActionMask = 2147483647;
			files = (
				CFD96FA72380FCE200B33BAF /* Taco.swift in Sources */,
				CFD96F912380FB9300B33BAF /* AppDelegate.swift in Sources */,
				CFD96F932380FB9300B33BAF /* SceneDelegate.swift in Sources */,
				CFD62006238B9374006DFDDB /* PropertyView.swift in Sources */,
				CFD96F952380FB9300B33BAF /* ContentView.swift in Sources */,
				CFD96FA9238101BD00B33BAF /* TacoView.swift in Sources */,
			);
			runOnlyForDeploymentPostprocessing = 0;
		};
/* End PBXSourcesBuildPhase section */

/* Begin PBXVariantGroup section */
		CFD96F9B2380FB9600B33BAF /* LaunchScreen.storyboard */ = {
			isa = PBXVariantGroup;
			children = (
				CFD96F9C2380FB9600B33BAF /* Base */,
			);
			name = LaunchScreen.storyboard;
			sourceTree = "<group>";
		};
/* End PBXVariantGroup section */

/* Begin XCBuildConfiguration section */
		CFD96F9F2380FB9600B33BAF /* Debug */ = {
			isa = XCBuildConfiguration;
			buildSettings = {
				ALWAYS_SEARCH_USER_PATHS = NO;
				CLANG_ANALYZER_NONNULL = YES;
				CLANG_ANALYZER_NUMBER_OBJECT_CONVERSION = YES_AGGRESSIVE;
				CLANG_CXX_LANGUAGE_STANDARD = "gnu++14";
				CLANG_CXX_LIBRARY = "libc++";
				CLANG_ENABLE_MODULES = YES;
				CLANG_ENABLE_OBJC_ARC = YES;
				CLANG_ENABLE_OBJC_WEAK = YES;
				CLANG_WARN_BLOCK_CAPTURE_AUTORELEASING = YES;
				CLANG_WARN_BOOL_CONVERSION = YES;
				CLANG_WARN_COMMA = YES;
				CLANG_WARN_CONSTANT_CONVERSION = YES;
				CLANG_WARN_DEPRECATED_OBJC_IMPLEMENTATIONS = YES;
				CLANG_WARN_DIRECT_OBJC_ISA_USAGE = YES_ERROR;
				CLANG_WARN_DOCUMENTATION_COMMENTS = YES;
				CLANG_WARN_EMPTY_BODY = YES;
				CLANG_WARN_ENUM_CONVERSION = YES;
				CLANG_WARN_INFINITE_RECURSION = YES;
				CLANG_WARN_INT_CONVERSION = YES;
				CLANG_WARN_NON_LITERAL_NULL_CONVERSION = YES;
				CLANG_WARN_OBJC_IMPLICIT_RETAIN_SELF = YES;
				CLANG_WARN_OBJC_LITERAL_CONVERSION = YES;
				CLANG_WARN_OBJC_ROOT_CLASS = YES_ERROR;
				CLANG_WARN_RANGE_LOOP_ANALYSIS = YES;
				CLANG_WARN_STRICT_PROTOTYPES = YES;
				CLANG_WARN_SUSPICIOUS_MOVE = YES;
				CLANG_WARN_UNGUARDED_AVAILABILITY = YES_AGGRESSIVE;
				CLANG_WARN_UNREACHABLE_CODE = YES;
				CLANG_WARN__DUPLICATE_METHOD_MATCH = YES;
				COPY_PHASE_STRIP = NO;
				DEBUG_INFORMATION_FORMAT = dwarf;
				ENABLE_STRICT_OBJC_MSGSEND = YES;
				ENABLE_TESTABILITY = YES;
				GCC_C_LANGUAGE_STANDARD = gnu11;
				GCC_DYNAMIC_NO_PIC = NO;
				GCC_NO_COMMON_BLOCKS = YES;
				GCC_OPTIMIZATION_LEVEL = 0;
				GCC_PREPROCESSOR_DEFINITIONS = (
					"DEBUG=1",
					"$(inherited)",
				);
				GCC_WARN_64_TO_32_BIT_CONVERSION = YES;
				GCC_WARN_ABOUT_RETURN_TYPE = YES_ERROR;
				GCC_WARN_UNDECLARED_SELECTOR = YES;
				GCC_WARN_UNINITIALIZED_AUTOS = YES_AGGRESSIVE;
				GCC_WARN_UNUSED_FUNCTION = YES;
				GCC_WARN_UNUSED_VARIABLE = YES;
				IPHONEOS_DEPLOYMENT_TARGET = 13.2;
				MTL_ENABLE_DEBUG_INFO = INCLUDE_SOURCE;
				MTL_FAST_MATH = YES;
				ONLY_ACTIVE_ARCH = YES;
				SDKROOT = iphoneos;
				SWIFT_ACTIVE_COMPILATION_CONDITIONS = DEBUG;
				SWIFT_OPTIMIZATION_LEVEL = "-Onone";
			};
			name = Debug;
		};
		CFD96FA02380FB9600B33BAF /* Release */ = {
			isa = XCBuildConfiguration;
			buildSettings = {
				ALWAYS_SEARCH_USER_PATHS = NO;
				CLANG_ANALYZER_NONNULL = YES;
				CLANG_ANALYZER_NUMBER_OBJECT_CONVERSION = YES_AGGRESSIVE;
				CLANG_CXX_LANGUAGE_STANDARD = "gnu++14";
				CLANG_CXX_LIBRARY = "libc++";
				CLANG_ENABLE_MODULES = YES;
				CLANG_ENABLE_OBJC_ARC = YES;
				CLANG_ENABLE_OBJC_WEAK = YES;
				CLANG_WARN_BLOCK_CAPTURE_AUTORELEASING = YES;
				CLANG_WARN_BOOL_CONVERSION = YES;
				CLANG_WARN_COMMA = YES;
				CLANG_WARN_CONSTANT_CONVERSION = YES;
				CLANG_WARN_DEPRECATED_OBJC_IMPLEMENTATIONS = YES;
				CLANG_WARN_DIRECT_OBJC_ISA_USAGE = YES_ERROR;
				CLANG_WARN_DOCUMENTATION_COMMENTS = YES;
				CLANG_WARN_EMPTY_BODY = YES;
				CLANG_WARN_ENUM_CONVERSION = YES;
				CLANG_WARN_INFINITE_RECURSION = YES;
				CLANG_WARN_INT_CONVERSION = YES;
				CLANG_WARN_NON_LITERAL_NULL_CONVERSION = YES;
				CLANG_WARN_OBJC_IMPLICIT_RETAIN_SELF = YES;
				CLANG_WARN_OBJC_LITERAL_CONVERSION = YES;
				CLANG_WARN_OBJC_ROOT_CLASS = YES_ERROR;
				CLANG_WARN_RANGE_LOOP_ANALYSIS = YES;
				CLANG_WARN_STRICT_PROTOTYPES = YES;
				CLANG_WARN_SUSPICIOUS_MOVE = YES;
				CLANG_WARN_UNGUARDED_AVAILABILITY = YES_AGGRESSIVE;
				CLANG_WARN_UNREACHABLE_CODE = YES;
				CLANG_WARN__DUPLICATE_METHOD_MATCH = YES;
				COPY_PHASE_STRIP = NO;
				DEBUG_INFORMATION_FORMAT = "dwarf-with-dsym";
				ENABLE_NS_ASSERTIONS = NO;
				ENABLE_STRICT_OBJC_MSGSEND = YES;
				GCC_C_LANGUAGE_STANDARD = gnu11;
				GCC_NO_COMMON_BLOCKS = YES;
				GCC_WARN_64_TO_32_BIT_CONVERSION = YES;
				GCC_WARN_ABOUT_RETURN_TYPE = YES_ERROR;
				GCC_WARN_UNDECLARED_SELECTOR = YES;
				GCC_WARN_UNINITIALIZED_AUTOS = YES_AGGRESSIVE;
				GCC_WARN_UNUSED_FUNCTION = YES;
				GCC_WARN_UNUSED_VARIABLE = YES;
				IPHONEOS_DEPLOYMENT_TARGET = 13.2;
				MTL_ENABLE_DEBUG_INFO = NO;
				MTL_FAST_MATH = YES;
				SDKROOT = iphoneos;
				SWIFT_COMPILATION_MODE = wholemodule;
				SWIFT_OPTIMIZATION_LEVEL = "-O";
				VALIDATE_PRODUCT = YES;
			};
			name = Release;
		};
		CFD96FA22380FB9600B33BAF /* Debug */ = {
			isa = XCBuildConfiguration;
			buildSettings = {
				ASSETCATALOG_COMPILER_APPICON_NAME = AppIcon;
				CODE_SIGN_STYLE = Automatic;
				DEVELOPMENT_ASSET_PATHS = "\"State/Preview Content\"";
				ENABLE_PREVIEWS = YES;
				INFOPLIST_FILE = State/Info.plist;
				IPHONEOS_DEPLOYMENT_TARGET = 13.0;
				LD_RUNPATH_SEARCH_PATHS = (
					"$(inherited)",
					"@executable_path/Frameworks",
				);
				PRODUCT_BUNDLE_IDENTIFIER = com.schelly.State1;
				PRODUCT_NAME = State1;
				SWIFT_VERSION = 5.0;
				TARGETED_DEVICE_FAMILY = "1,2";
			};
			name = Debug;
		};
		CFD96FA32380FB9600B33BAF /* Release */ = {
			isa = XCBuildConfiguration;
			buildSettings = {
				ASSETCATALOG_COMPILER_APPICON_NAME = AppIcon;
				CODE_SIGN_STYLE = Automatic;
				DEVELOPMENT_ASSET_PATHS = "\"State/Preview Content\"";
				ENABLE_PREVIEWS = YES;
				INFOPLIST_FILE = State/Info.plist;
				IPHONEOS_DEPLOYMENT_TARGET = 13.0;
				LD_RUNPATH_SEARCH_PATHS = (
					"$(inherited)",
					"@executable_path/Frameworks",
				);
				PRODUCT_BUNDLE_IDENTIFIER = com.schelly.State1;
				PRODUCT_NAME = State1;
				SWIFT_VERSION = 5.0;
				TARGETED_DEVICE_FAMILY = "1,2";
			};
			name = Release;
		};
/* End XCBuildConfiguration section */

/* Begin XCConfigurationList section */
		CFD96F882380FB9300B33BAF /* Build configuration list for PBXProject "State" */ = {
			isa = XCConfigurationList;
			buildConfigurations = (
				CFD96F9F2380FB9600B33BAF /* Debug */,
				CFD96FA02380FB9600B33BAF /* Release */,
			);
			defaultConfigurationIsVisible = 0;
			defaultConfigurationName = Release;
		};
		CFD96FA12380FB9600B33BAF /* Build configuration list for PBXNativeTarget "State" */ = {
			isa = XCConfigurationList;
			buildConfigurations = (
				CFD96FA22380FB9600B33BAF /* Debug */,
				CFD96FA32380FB9600B33BAF /* Release */,
			);
			defaultConfigurationIsVisible = 0;
			defaultConfigurationName = Release;
		};
/* End XCConfigurationList section */
	};
	rootObject = CFD96F852380FB9300B33BAF /* Project object */;
}
